
Microsoft Visual Studio Solution File, Format Version 12.00
# Visual Studio Version 17
VisualStudioVersion = 17.4.33122.133
MinimumVisualStudioVersion = 10.0.40219.1
Project("{FAE04EC0-301F-11D3-BF4B-00C04F79EFBC}") = "Softgen", "Softgen\Softgen.csproj", "{77D8B8BB-E098-4598-AD28-902EDB753061}"
EndProject
Project("{E53339B2-1760-4266-BCC7-CA923CBCF16C}") = "docker-compose", "docker-compose.dcproj", "{AFFB465A-5BBD-49D1-93CA-709618EF71F8}"
EndProject
Project("{FAE04EC0-301F-11D3-BF4B-00C04F79EFBC}") = "DataAccess", "DataAccess\DataAccess.csproj", "{2B40D0F6-9136-4AD1-9DCF-7BD0917B7A13}"
EndProject
Global
	GlobalSection(SolutionConfigurationPlatforms) = preSolution
		Debug|Any CPU = Debug|Any CPU
		Release|Any CPU = Release|Any CPU
	EndGlobalSection
	GlobalSection(ProjectConfigurationPlatforms) = postSolution
		{77D8B8BB-E098-4598-AD28-902EDB753061}.Debug|Any CPU.ActiveCfg = Debug|Any CPU
		{77D8B8BB-E098-4598-AD28-902EDB753061}.Debug|Any CPU.Build.0 = Debug|Any CPU
		{77D8B8BB-E098-4598-AD28-902EDB753061}.Release|Any CPU.ActiveCfg = Release|Any CPU
		{77D8B8BB-E098-4598-AD28-902EDB753061}.Release|Any CPU.Build.0 = Release|Any CPU
		{AFFB465A-5BBD-49D1-93CA-709618EF71F8}.Debug|Any CPU.ActiveCfg = Debug|Any CPU
		{AFFB465A-5BBD-49D1-93CA-709618EF71F8}.Debug|Any CPU.Build.0 = Debug|Any CPU
		{AFFB465A-5BBD-49D1-93CA-709618EF71F8}.Release|Any CPU.ActiveCfg = Release|Any CPU
		{AFFB465A-5BBD-49D1-93CA-709618EF71F8}.Release|Any CPU.Build.0 = Release|Any CPU
		{2B40D0F6-9136-4AD1-9DCF-7BD0917B7A13}.Debug|Any CPU.ActiveCfg = Debug|Any CPU
		{2B40D0F6-9136-4AD1-9DCF-7BD0917B7A13}.Debug|Any CPU.Build.0 = Debug|Any CPU
		{2B40D0F6-9136-4AD1-9DCF-7BD0917B7A13}.Release|Any CPU.ActiveCfg = Release|Any CPU
		{2B40D0F6-9136-4AD1-9DCF-7BD0917B7A13}.Release|Any CPU.Build.0 = Release|Any CPU
	EndGlobalSection
	GlobalSection(SolutionProperties) = preSolution
		HideSolutionNode = FALSE
	EndGlobalSection
	GlobalSection(ExtensibilityGlobals) = postSolution
		SolutionGuid = {0BA9FC1B-C5D1-4A7F-A091-03FBCD2ABF81}
	EndGlobalSection
EndGlobal
